{
  "name": "enzymesimulator",
  "version": "1.0.0",
  "lockfileVersion": 1,
  "requires": true,
  "dependencies": {
    "chart.js": {
      "version": "2.9.4",
      "resolved": "https://registry.npmjs.org/chart.js/-/chart.js-2.9.4.tgz",
      "integrity": "sha512-rW7BqHPAwPyH25yDrD8GfsVw1m/8DqNR2cHkU37UOQJ+cXyFy8lv08L4dcHuxalVPRYVPBUsAZtA5KZ8mKknNQ=="
    },
    "loose-envify": {
      "version": "1.4.0",
      "resolved": "https://registry.npmjs.org/loose-envify/-/loose-envify-1.4.0.tgz",
      "integrity": "sha512-k8K1N91p5FrhYJ4HL7uqbsq8nA3mXbW+V5/Go+oYN/yQFj3U9iH8+d9YHX6WlqWMrqC2JGeC70/5b3iTMtO7gQ==",
      "requires": {
        "js-tokens": "^3.0.0 || ^4.0.0"
      }
    },
    "js-tokens": {
      "version": "4.0.0",
      "resolved": "https://registry.npmjs.org/js-tokens/-/js-tokens-4.0.0.tgz",
      "integrity": "sha512-RnU0tyWVg3Q6u8T9mquYyf6itqDFe/EqNQ5R1CF31V91ThEKeVXaykIQ2qZtArk5OZoqoz+hVMr3S4h14UXm8w=="
    },
    "object-assign": {
      "version": "4.1.1",
      "resolved": "https://registry.npmjs.org/object-assign/-/object-assign-4.1.1.tgz",
      "integrity": "sha512-rksmGOfbOUo9b/7F4prFo60OSzKq9a8jSnPhV3H+F6lIURPnl5vF7EIGoTiic1IVgJ25vqCzScBCLUGFMBaGAA=="
    },
    "prop-types": {
      "version": "15.7.2",
      "resolved": "https://registry.npmjs.org/prop-types/-/prop-types-15.7.2.tgz",
      "integrity": "sha512-jwKNPvUrrXHT6BBZrjQYBZfOeCBnqKioYOXhdjHtgj41pRJ3Bls5e/A8TROCLPYLRWVggZFDAYvIBVuLFoW0ug==",
      "requires": {
        "loose-envify": "^1.4.0",
        "object-assign": "^4.1.1",
        "react-is": "^16.8.1"
      }
    },
    "react": {
      "version": "17.0.2",
      "resolved": "https://registry.npmjs.org/react/-/react-17.0.2.tgz",
      "integrity": "sha512-okW4wyyUqzEIohrGkdd8fJci5Br3xs4ASuikKMI1a8k0fIt9f5oKHsKnD/3uFkUOOrxt16rFcxBzGyfwjX3HRg==",
      "requires": {
        "loose-envify": "^1.4.0",
        "object-assign": "^4.1.1",
        "prop-types": "^15.7.2"
      }
    },
    "react-chartjs-2": {
      "version": "2.11.1",
      "resolved": "https://registry.npmjs.org/react-chartjs-2/-/react-chartjs-2-2.11.1.tgz",
      "integrity": "sha512-VRCmT4lZ4whS8UEhY5MvF6rWhAElTnO2rKngX7YP6M8o5jBNeyXrEm3cvfuEodRySLN4yHUCtxTIGDrrn41ghw==",
      "requires": {
        "chart.js": "^2.9.4",
        "prop-types": "^15.7.2"
      }
    },
    "react-dom": {
      "version": "17.0.2",
      "resolved": "https://registry.npmjs.org/react-dom/-/react-dom-17.0.2.tgz",
      "integrity": "sha512-/pDUZEK/KtIwdXa+8U/zmJfxa8bdoE9KOHrMOkmOznHr0XqK44Kz3E1fXnnW/gz6NR2xYlqKnZ4Th2zO9C6W6Q==",
      "requires": {
        "loose-envify": "^1.4.0",
        "object-assign": "^4.1.1",
        "prop-types": "^15.7.2"
      }
    },
    "react-is": {
      "version": "16.13.1",
      "resolved": "https://registry.npmjs.org/react-is/-/react-is-16.13.1.tgz",
      "integrity": "sha512-24e6nlM7tF+Fjq8wSMVbJ6I99W5cFesYWbKRAK7XbhbK30B9F9rQ1Kp2UdmB1OArMfA3Gbz5UalOfJxwxABbRA=="
    }
  }
}
